<?xml version="1.0" encoding="utf-8"?>
<Project ToolsVersion="4.0" xmlns="http://schemas.microsoft.com/developer/msbuild/2003">
  <ItemGroup>
    <Filter Include="Исходные файлы">
      <UniqueIdentifier>{4FC737F1-C7A5-4376-A066-2A32D752A2FF}</UniqueIdentifier>
      <Extensions>cpp;c;cc;cxx;def;odl;idl;hpj;bat;asm;asmx</Extensions>
    </Filter>
    <Filter Include="Файлы заголовков">
      <UniqueIdentifier>{93995380-89BD-4b04-88EB-625FBE52EBFB}</UniqueIdentifier>
      <Extensions>h;hh;hpp;hxx;hm;inl;inc;ipp;xsd</Extensions>
    </Filter>
    <Filter Include="Файлы ресурсов">
      <UniqueIdentifier>{67DA6AB6-F800-4c08-8B7A-83BB121AAD01}</UniqueIdentifier>
      <Extensions>rc;ico;cur;bmp;dlg;rc2;rct;bin;rgs;gif;jpg;jpeg;jpe;resx;tiff;tif;png;wav;mfcribbon-ms</Extensions>
    </Filter>
    <Filter Include="Файлы заголовков\Lexer">
      <UniqueIdentifier>{4a5cb812-8831-4858-8a71-c56013020f71}</UniqueIdentifier>
    </Filter>
    <Filter Include="Файлы заголовков\Token">
      <UniqueIdentifier>{82b767c2-7dee-4894-866e-52ba2adbeec8}</UniqueIdentifier>
    </Filter>
    <Filter Include="Исходные файлы\Lexer">
      <UniqueIdentifier>{3853c010-4dd9-4a5e-866a-1991040170d3}</UniqueIdentifier>
    </Filter>
    <Filter Include="Исходные файлы\Token">
      <UniqueIdentifier>{f098a545-8df7-4257-ab32-c7c233e01637}</UniqueIdentifier>
    </Filter>
    <Filter Include="Файлы заголовков\Test">
      <UniqueIdentifier>{87b5ca34-8597-4612-99a4-78586da168bf}</UniqueIdentifier>
    </Filter>
    <Filter Include="Исходные файлы\Test">
      <UniqueIdentifier>{2b82d760-4bc6-47f1-877b-b919cbb072d9}</UniqueIdentifier>
    </Filter>
    <Filter Include="Файлы заголовков\Token\ContainerTokens">
      <UniqueIdentifier>{5805745d-34ed-49b0-a19d-998a1c4e96ea}</UniqueIdentifier>
    </Filter>
    <Filter Include="Исходные файлы\Token\ContainerTokens">
      <UniqueIdentifier>{2d210e6b-5a03-4a44-935f-5d106734610f}</UniqueIdentifier>
    </Filter>
    <Filter Include="Исходные файлы\Parser">
      <UniqueIdentifier>{5f35e839-cf7a-4699-a2bd-e6539e1d1927}</UniqueIdentifier>
    </Filter>
    <Filter Include="Файлы заголовков\Parser">
      <UniqueIdentifier>{84ce2a56-ddab-4a42-828a-3e76d657a8bf}</UniqueIdentifier>
    </Filter>
    <Filter Include="Файлы заголовков\Parser\AST">
      <UniqueIdentifier>{50360686-7a3f-4497-9478-9563c69c2df4}</UniqueIdentifier>
    </Filter>
    <Filter Include="Исходные файлы\Parser\AST">
      <UniqueIdentifier>{93959875-5193-4ebc-92a4-971b24738713}</UniqueIdentifier>
    </Filter>
    <Filter Include="Исходные файлы\Parser\NodeAST">
      <UniqueIdentifier>{7b98e5c5-97e0-4d1a-9ff3-6a231aabdc3e}</UniqueIdentifier>
    </Filter>
    <Filter Include="Файлы заголовков\Parser\NodeAST">
      <UniqueIdentifier>{31b7fff7-e7d8-4c8c-81be-7f5ef6bb7641}</UniqueIdentifier>
    </Filter>
    <Filter Include="Файлы заголовков\File">
      <UniqueIdentifier>{999a2df4-88fe-410e-ac2a-d694d97915d4}</UniqueIdentifier>
    </Filter>
    <Filter Include="Файлы заголовков\File\FileInputStream">
      <UniqueIdentifier>{ca113267-67fb-4bcd-b980-e48a3bbdde2d}</UniqueIdentifier>
    </Filter>
    <Filter Include="Исходные файлы\File">
      <UniqueIdentifier>{7073f860-8924-4042-b89e-2546b0f8b035}</UniqueIdentifier>
    </Filter>
    <Filter Include="Исходные файлы\File\FileInputStream">
      <UniqueIdentifier>{9eb25327-0646-4647-ad96-3a3f949a6ec2}</UniqueIdentifier>
    </Filter>
    <Filter Include="Файлы заголовков\File\FileOutputStream">
      <UniqueIdentifier>{c9f582d1-a4ef-436b-8b71-659b59a3503c}</UniqueIdentifier>
    </Filter>
    <Filter Include="Исходные файлы\File\FileOutputStream">
      <UniqueIdentifier>{e0bca940-f3b8-4576-90e3-3263e25638c1}</UniqueIdentifier>
    </Filter>
    <Filter Include="Файлы заголовков\Allocators">
      <UniqueIdentifier>{465e2b36-3978-4c3d-819a-ffaece55e30b}</UniqueIdentifier>
    </Filter>
    <Filter Include="Исходные файлы\Allocators">
      <UniqueIdentifier>{c0f9955a-2401-4da7-8480-76dad520e026}</UniqueIdentifier>
    </Filter>
  </ItemGroup>
  <ItemGroup>
    <ClCompile Include="main.cpp">
      <Filter>Исходные файлы</Filter>
    </ClCompile>
    <ClCompile Include="lexer.cpp">
      <Filter>Исходные файлы\Lexer</Filter>
    </ClCompile>
    <ClCompile Include="grammar.cpp">
      <Filter>Исходные файлы\Lexer</Filter>
    </ClCompile>
    <ClCompile Include="token.cpp">
      <Filter>Исходные файлы\Token</Filter>
    </ClCompile>
    <ClCompile Include="base_token.cpp">
      <Filter>Исходные файлы\Token</Filter>
    </ClCompile>
    <ClCompile Include="test_token_type.cpp">
      <Filter>Исходные файлы\Test</Filter>
    </ClCompile>
    <ClCompile Include="vector_tokens.cpp">
      <Filter>Исходные файлы\Token\ContainerTokens</Filter>
    </ClCompile>
    <ClCompile Include="container.cpp">
      <Filter>Исходные файлы\Token\ContainerTokens</Filter>
    </ClCompile>
    <ClCompile Include="ListTokens.cpp">
      <Filter>Исходные файлы\Token\ContainerTokens</Filter>
    </ClCompile>
    <ClCompile Include="lexical_grammar.cpp">
      <Filter>Исходные файлы\Lexer</Filter>
    </ClCompile>
    <ClCompile Include="node_ast.cpp">
      <Filter>Исходные файлы\Parser\NodeAST</Filter>
    </ClCompile>
    <ClCompile Include="stdfileInputStream.cpp">
      <Filter>Исходные файлы\File\FileInputStream</Filter>
    </ClCompile>
    <ClCompile Include="file_stream.cpp">
      <Filter>Исходные файлы\File</Filter>
    </ClCompile>
    <ClCompile Include="stdfileOutputStream.cpp">
      <Filter>Исходные файлы\File\FileOutputStream</Filter>
    </ClCompile>
    <ClCompile Include="fileOutputStream.cpp">
      <Filter>Исходные файлы\File\FileOutputStream</Filter>
    </ClCompile>
    <ClCompile Include="fileInputStream.cpp">
      <Filter>Исходные файлы\File\FileInputStream</Filter>
    </ClCompile>
    <ClCompile Include="pasrer.cpp">
      <Filter>Исходные файлы\Parser</Filter>
    </ClCompile>
    <ClCompile Include="ast.cpp">
      <Filter>Исходные файлы\Parser\AST</Filter>
    </ClCompile>
    <ClCompile Include="allocator.cpp">
      <Filter>Исходные файлы\Allocators</Filter>
    </ClCompile>
    <ClCompile Include="binary_expr.cpp">
      <Filter>Исходные файлы\Parser\AST</Filter>
    </ClCompile>
  </ItemGroup>
  <ItemGroup>
    <ClInclude Include="lexer.h">
      <Filter>Файлы заголовков\Lexer</Filter>
    </ClInclude>
    <ClInclude Include="lexical_grammar.h">
      <Filter>Файлы заголовков\Lexer</Filter>
    </ClInclude>
    <ClInclude Include="grammar.h">
      <Filter>Файлы заголовков\Lexer</Filter>
    </ClInclude>
    <ClInclude Include="token.h">
      <Filter>Файлы заголовков\Token</Filter>
    </ClInclude>
    <ClInclude Include="token_type.h">
      <Filter>Файлы заголовков\Token</Filter>
    </ClInclude>
    <ClInclude Include="base_token.h">
      <Filter>Файлы заголовков\Token</Filter>
    </ClInclude>
    <ClInclude Include="test_token_type.h">
      <Filter>Файлы заголовков\Test</Filter>
    </ClInclude>
    <ClInclude Include="container.h">
      <Filter>Файлы заголовков\Token\ContainerTokens</Filter>
    </ClInclude>
    <ClInclude Include="vector_tokens.h">
      <Filter>Файлы заголовков\Token\ContainerTokens</Filter>
    </ClInclude>
    <ClInclude Include="ListTokens.h">
      <Filter>Файлы заголовков\Token\ContainerTokens</Filter>
    </ClInclude>
    <ClInclude Include="pasrer.h">
      <Filter>Файлы заголовков\Parser</Filter>
    </ClInclude>
    <ClInclude Include="ast.h">
      <Filter>Файлы заголовков\Parser\AST</Filter>
    </ClInclude>
    <ClInclude Include="node_ast.h">
      <Filter>Файлы заголовков\Parser\NodeAST</Filter>
    </ClInclude>
    <ClInclude Include="file_stream.h">
      <Filter>Файлы заголовков\File</Filter>
    </ClInclude>
    <ClInclude Include="fileInputStream.h">
      <Filter>Файлы заголовков\File\FileInputStream</Filter>
    </ClInclude>
    <ClInclude Include="stdfileInputStream.h">
      <Filter>Файлы заголовков\File\FileInputStream</Filter>
    </ClInclude>
    <ClInclude Include="fileOutputStream.h">
      <Filter>Файлы заголовков\File\FileOutputStream</Filter>
    </ClInclude>
    <ClInclude Include="stdfileOutputStream.h">
      <Filter>Файлы заголовков\File\FileOutputStream</Filter>
    </ClInclude>
    <ClInclude Include="FileIOStreamType.h">
      <Filter>Файлы заголовков\File</Filter>
    </ClInclude>
    <ClInclude Include="allocator.h">
      <Filter>Файлы заголовков\Allocators</Filter>
    </ClInclude>
    <ClInclude Include="binary_expr.h">
      <Filter>Файлы заголовков\Parser\AST</Filter>
    </ClInclude>
  </ItemGroup>
</Project>